{
  "version": "5",
  "specifiers": {
    "npm:@types/node@*": "22.12.0",
    "npm:dgram@^1.0.1": "1.0.1"
  },
  "npm": {
    "@types/node@22.12.0": {
      "integrity": "sha512-Fll2FZ1riMjNmlmJOdAyY5pUbkftXslB5DgEzlIuNaiWhXd00FhWxVC/r4yV/4wBb9JfImTu+jiSvXTkJ7F/gA==",
      "dependencies": [
        "undici-types"
      ]
    },
    "dgram@1.0.1": {
      "integrity": "sha512-zJVFL1EWfKtE0z2VN6qfpn/a+qG1viEzcwJA0EjtzS76ONSE3sEyWBwEbo32hS4IFw/EWVuWN+8b89aPW6It2A==",
      "deprecated": true
    },
    "undici-types@6.20.0": {
      "integrity": "sha512-Ny6QZ2Nju20vw1SRHe3d9jVu6gJ+4e3+MMpqu7pqE5HT6WsTSlce++GQmK5UXS8mzV8DSYHrQH+Xrf2jVcuKNg=="
    }
  },
  "workspace": {
    "dependencies": [
      "npm:dgram@^1.0.1",
      "npm:json@11",
      "npm:node-redis@~0.1.7",
      "npm:redis@^5.0.1"
    ],
    "packageJson": {
      "dependencies": [
        "npm:redis@^5.0.1"
      ]
    }
  }
}
